
Microsoft Visual Studio Solution File, Format Version 12.00
# Visual Studio Version 16
VisualStudioVersion = 16.0.29209.62
MinimumVisualStudioVersion = 10.0.40219.1
Project("{FAE04EC0-301F-11D3-BF4B-00C04F79EFBC}") = "Collections", "Collections\Collections.csproj", "{8512E782-7FF5-4E2D-BA11-896EDCF7807D}"
EndProject
Global
	GlobalSection(SolutionConfigurationPlatforms) = preSolution
		Debug|Any CPU = Debug|Any CPU
		Release|Any CPU = Release|Any CPU
	EndGlobalSection
	GlobalSection(ProjectConfigurationPlatforms) = postSolution
		{8512E782-7FF5-4E2D-BA11-896EDCF7807D}.Debug|Any CPU.ActiveCfg = Debug|Any CPU
		{8512E782-7FF5-4E2D-BA11-896EDCF7807D}.Debug|Any CPU.Build.0 = Debug|Any CPU
		{8512E782-7FF5-4E2D-BA11-896EDCF7807D}.Release|Any CPU.ActiveCfg = Release|Any CPU
		{8512E782-7FF5-4E2D-BA11-896EDCF7807D}.Release|Any CPU.Build.0 = Release|Any CPU
	EndGlobalSection
	GlobalSection(SolutionProperties) = preSolution
		HideSolutionNode = FALSE
	EndGlobalSection
	GlobalSection(ExtensibilityGlobals) = postSolution
		SolutionGuid = {33EA0AF4-42BE-464E-BECB-3FD29361B35D}
	EndGlobalSection
EndGlobal
